
Microsoft Visual Studio Solution File, Format Version 12.00
# Visual Studio Version 17
VisualStudioVersion = 17.0.31919.166
MinimumVisualStudioVersion = 10.0.40219.1
Project("{9A19103F-16F7-4668-BE54-9A1E7A4F7556}") = "Battleships", "Battleships.csproj", "{55AD8B97-D6BB-4E12-995F-337AA8E52081}"
EndProject
Project("{FAE04EC0-301F-11D3-BF4B-00C04F79EFBC}") = "BattleshipsTest", "..\BattleshipsTest\BattleshipsTest.csproj", "{9EDF3672-F5FD-4ACD-9A3B-D762A3969031}"
EndProject
Global
	GlobalSection(SolutionConfigurationPlatforms) = preSolution
		Debug|Any CPU = Debug|Any CPU
		Release|Any CPU = Release|Any CPU
	EndGlobalSection
	GlobalSection(ProjectConfigurationPlatforms) = postSolution
		{55AD8B97-D6BB-4E12-995F-337AA8E52081}.Debug|Any CPU.ActiveCfg = Debug|Any CPU
		{55AD8B97-D6BB-4E12-995F-337AA8E52081}.Debug|Any CPU.Build.0 = Debug|Any CPU
		{55AD8B97-D6BB-4E12-995F-337AA8E52081}.Release|Any CPU.ActiveCfg = Release|Any CPU
		{55AD8B97-D6BB-4E12-995F-337AA8E52081}.Release|Any CPU.Build.0 = Release|Any CPU
		{9EDF3672-F5FD-4ACD-9A3B-D762A3969031}.Debug|Any CPU.ActiveCfg = Debug|Any CPU
		{9EDF3672-F5FD-4ACD-9A3B-D762A3969031}.Debug|Any CPU.Build.0 = Debug|Any CPU
		{9EDF3672-F5FD-4ACD-9A3B-D762A3969031}.Release|Any CPU.ActiveCfg = Release|Any CPU
		{9EDF3672-F5FD-4ACD-9A3B-D762A3969031}.Release|Any CPU.Build.0 = Release|Any CPU
	EndGlobalSection
	GlobalSection(SolutionProperties) = preSolution
		HideSolutionNode = FALSE
	EndGlobalSection
	GlobalSection(ExtensibilityGlobals) = postSolution
		SolutionGuid = {F6E3219F-747C-4AD2-8DD0-11B636CD2212}
	EndGlobalSection
EndGlobal
